{
  "name": "postagram",
  "lockfileVersion": 2,
  "requires": true,
  "packages": {
    "": {
      "dependencies": {
        "filepond": "^4.30.4",
        "filepond-plugin-file-validate-type": "^1.2.8"
      }
    },
    "node_modules/filepond": {
      "version": "4.30.4",
      "resolved": "https://registry.npmjs.org/filepond/-/filepond-4.30.4.tgz",
      "integrity": "sha512-FCwsMvG9iiEs6uobdDrTaKsCgsqys0NuLgPPD8n37AYVYBiiDkrPkk9MSIU5rT2FahYcL1bScYI9huIPtlzqyA=="
    },
    "node_modules/filepond-plugin-file-validate-type": {
      "version": "1.2.8",
      "resolved": "https://registry.npmjs.org/filepond-plugin-file-validate-type/-/filepond-plugin-file-validate-type-1.2.8.tgz",
      "integrity": "sha512-UBTqIWbk5+5R0GBELI8svu01MHWjFSLfc9DfCMvFtHKXLdJMxY1p37ChC4YKQjhfODaTuvLnNVRsukMGMFZBBg==",
      "peerDependencies": {
        "filepond": ">=1.x <5.x"
      }
    }
  },
  "dependencies": {
    "filepond": {
      "version": "4.30.4",
      "resolved": "https://registry.npmjs.org/filepond/-/filepond-4.30.4.tgz",
      "integrity": "sha512-FCwsMvG9iiEs6uobdDrTaKsCgsqys0NuLgPPD8n37AYVYBiiDkrPkk9MSIU5rT2FahYcL1bScYI9huIPtlzqyA=="
    },
    "filepond-plugin-file-validate-type": {
      "version": "1.2.8",
      "resolved": "https://registry.npmjs.org/filepond-plugin-file-validate-type/-/filepond-plugin-file-validate-type-1.2.8.tgz",
      "integrity": "sha512-UBTqIWbk5+5R0GBELI8svu01MHWjFSLfc9DfCMvFtHKXLdJMxY1p37ChC4YKQjhfODaTuvLnNVRsukMGMFZBBg==",
      "requires": {}
    }
  }
}
